# THIS IS AN AUTOGENERATED FILE. DO NOT EDIT THIS FILE DIRECTLY.
# yarn lockfile v1


"@slack/interactive-messages@^1.3.0":
  version "1.3.0"
  resolved "https://registry.npm.taobao.org/@slack/interactive-messages/download/@slack/interactive-messages-1.3.0.tgz#29eb5a03b841bf11f2cc6e9fc571e07f1aa81ec7"
  integrity sha1-KetaA7hBvxHyzG6fxXHgfxqoHsc=
  dependencies:
    "@types/debug" "^4.1.4"
    "@types/express" "^4.17.0"
    "@types/lodash.isfunction" "^3.0.6"
    "@types/lodash.isregexp" "^4.0.6"
    "@types/lodash.isstring" "^4.0.6"
    "@types/node" ">=4.2.0"
    axios "^0.18.0"
    debug "^3.1.0"
    lodash.isfunction "^3.0.9"
    lodash.isplainobject "^4.0.6"
    lodash.isregexp "^4.0.1"
    lodash.isstring "^4.0.1"
    raw-body "^2.3.3"
    tsscmp "^1.0.6"

"@slack/logger@^1.0.0":
  version "1.1.1"
  resolved "https://registry.npm.taobao.org/@slack/logger/download/@slack/logger-1.1.1.tgz#5cb0658abcd2c4ec39ecf04348ba4764b9f68e00"
  integrity sha1-XLBlirzSxOw57PBDSLpHZLn2jgA=
  dependencies:
    "@types/node" ">=8.9.0"

"@slack/types@^1.1.0":
  version "1.2.1"
  resolved "https://registry.npm.taobao.org/@slack/types/download/@slack/types-1.2.1.tgz#132d50d02efb452c9a58573964b22f5f18ab9b1a"
  integrity sha1-Ey1Q0C77RSyaWFc5ZLIvXxirmxo=

"@slack/web-api@^5.2.1":
  version "5.2.1"
  resolved "https://registry.npm.taobao.org/@slack/web-api/download/@slack/web-api-5.2.1.tgz#d1ae18a352b1755ad5e0873e0d94d6558d1a44ae"
  integrity sha1-0a4Yo1KxdVrV4Ic+DZTWVY0aRK4=
  dependencies:
    "@slack/logger" "^1.0.0"
    "@slack/types" "^1.1.0"
    "@types/is-stream" "^1.1.0"
    "@types/node" ">=8.9.0"
    "@types/p-queue" "^2.3.2"
    axios "^0.18.0"
    eventemitter3 "^3.1.0"
    form-data "^2.5.0"
    is-stream "^1.1.0"
    p-queue "^2.4.2"
    p-retry "^4.0.0"

"@types/body-parser@*":
  version "1.17.1"
  resolved "https://registry.npm.taobao.org/@types/body-parser/download/@types/body-parser-1.17.1.tgz#18fcf61768fb5c30ccc508c21d6fd2e8b3bf7897"
  integrity sha1-GPz2F2j7XDDMxQjCHW/S6LO/eJc=
  dependencies:
    "@types/connect" "*"
    "@types/node" "*"

"@types/connect@*":
  version "3.4.32"
  resolved "https://registry.npm.taobao.org/@types/connect/download/@types/connect-3.4.32.tgz#aa0e9616b9435ccad02bc52b5b454ffc2c70ba28"
  integrity sha1-qg6WFrlDXMrQK8UrW0VP/Cxwuig=
  dependencies:
    "@types/node" "*"

"@types/debug@^4.1.4":
  version "4.1.5"
  resolved "https://registry.npm.taobao.org/@types/debug/download/@types/debug-4.1.5.tgz#b14efa8852b7768d898906613c23f688713e02cd"
  integrity sha1-sU76iFK3do2JiQZhPCP2iHE+As0=

"@types/express-serve-static-core@*":
  version "4.16.10"
  resolved "https://registry.npm.taobao.org/@types/express-serve-static-core/download/@types/express-serve-static-core-4.16.10.tgz#3c1313c6e6b75594561b473a286f016a9abf2132"
  integrity sha1-PBMTxua3VZRWG0c6KG8Bapq/ITI=
  dependencies:
    "@types/node" "*"
    "@types/range-parser" "*"

"@types/express@^4.17.0":
  version "4.17.1"
  resolved "https://registry.npm.taobao.org/@types/express/download/@types/express-4.17.1.tgz#4cf7849ae3b47125a567dfee18bfca4254b88c5c"
  integrity sha1-TPeEmuO0cSWlZ9/uGL/KQlS4jFw=
  dependencies:
    "@types/body-parser" "*"
    "@types/express-serve-static-core" "*"
    "@types/serve-static" "*"

"@types/is-stream@^1.1.0":
  version "1.1.0"
  resolved "https://registry.npm.taobao.org/@types/is-stream/download/@types/is-stream-1.1.0.tgz#b84d7bb207a210f2af9bed431dc0fbe9c4143be1"
  integrity sha1-uE17sgeiEPKvm+1DHcD76cQUO+E=
  dependencies:
    "@types/node" "*"

"@types/lodash.isfunction@^3.0.6":
  version "3.0.6"
  resolved "https://registry.npm.taobao.org/@types/lodash.isfunction/download/@types/lodash.isfunction-3.0.6.tgz#4b040bf914089ec34f0aacfef81a37237a0a8b8f"
  integrity sha1-SwQL+RQInsNPCqz++Bo3I3oKi48=
  dependencies:
    "@types/lodash" "*"

"@types/lodash.isregexp@^4.0.6":
  version "4.0.6"
  resolved "https://registry.npm.taobao.org/@types/lodash.isregexp/download/@types/lodash.isregexp-4.0.6.tgz#873f0505d565f8257204076e7d77e9c00b129f15"
  integrity sha1-hz8FBdVl+CVyBAdufXfpwAsSnxU=
  dependencies:
    "@types/lodash" "*"

"@types/lodash.isstring@^4.0.6":
  version "4.0.6"
  resolved "https://registry.npm.taobao.org/@types/lodash.isstring/download/@types/lodash.isstring-4.0.6.tgz#1534d0c19a2ad79caa17558a298e366893ffd08c"
  integrity sha1-FTTQwZoq15yqF1WKKY42aJP/0Iw=
  dependencies:
    "@types/lodash" "*"

"@types/lodash@*":
  version "4.14.144"
  resolved "https://registry.npm.taobao.org/@types/lodash/download/@types/lodash-4.14.144.tgz#12e57fc99064bce45e5ab3c8bc4783feb75eab8e"
  integrity sha1-EuV/yZBkvOReWrPIvEeD/rdeq44=

"@types/mime@*":
  version "2.0.1"
  resolved "https://registry.npm.taobao.org/@types/mime/download/@types/mime-2.0.1.tgz#dc488842312a7f075149312905b5e3c0b054c79d"
  integrity sha1-3EiIQjEqfwdRSTEpBbXjwLBUx50=

"@types/node@*", "@types/node@>=4.2.0", "@types/node@>=8.9.0":
  version "12.11.1"
  resolved "https://registry.npm.taobao.org/@types/node/download/@types/node-12.11.1.tgz?cache=0&sync_timestamp=1571183972817&other_urls=https%3A%2F%2Fregistry.npm.taobao.org%2F%40types%2Fnode%2Fdownload%2F%40types%2Fnode-12.11.1.tgz#1fd7b821f798b7fa29f667a1be8f3442bb8922a3"
  integrity sha1-H9e4IfeYt/op9mehvo80QruJIqM=

"@types/p-queue@^2.3.2":
  version "2.3.2"
  resolved "https://registry.npm.taobao.org/@types/p-queue/download/@types/p-queue-2.3.2.tgz#16bc5fece69ef85efaf2bce8b13f3ebe39c5a1c8"
  integrity sha1-Frxf7Oae+F768rzosT8+vjnFocg=

"@types/range-parser@*":
  version "1.2.3"
  resolved "https://registry.npm.taobao.org/@types/range-parser/download/@types/range-parser-1.2.3.tgz#7ee330ba7caafb98090bece86a5ee44115904c2c"
  integrity sha1-fuMwunyq+5gJC+zoal7kQRWQTCw=

"@types/retry@^0.12.0":
  version "0.12.0"
  resolved "https://registry.npm.taobao.org/@types/retry/download/@types/retry-0.12.0.tgz#2b35eccfcee7d38cd72ad99232fbd58bffb3c84d"
  integrity sha1-KzXsz87n04zXKtmSMvvVi/+zyE0=

"@types/serve-static@*":
  version "1.13.3"
  resolved "https://registry.npm.taobao.org/@types/serve-static/download/@types/serve-static-1.13.3.tgz?cache=0&sync_timestamp=1567534816341&other_urls=https%3A%2F%2Fregistry.npm.taobao.org%2F%40types%2Fserve-static%2Fdownload%2F%40types%2Fserve-static-1.13.3.tgz#eb7e1c41c4468272557e897e9171ded5e2ded9d1"
  integrity sha1-634cQcRGgnJVfol+kXHe1eLe2dE=
  dependencies:
    "@types/express-serve-static-core" "*"
    "@types/mime" "*"

accepts@~1.3.7:
  version "1.3.7"
  resolved "https://registry.npm.taobao.org/accepts/download/accepts-1.3.7.tgz#531bc726517a3b2b41f850021c6cc15eaab507cd"
  integrity sha1-UxvHJlF6OytB+FACHGzBXqq1B80=
  dependencies:
    mime-types "~2.1.24"
    negotiator "0.6.2"

ajv@^6.5.5:
  version "6.10.2"
  resolved "https://registry.npm.taobao.org/ajv/download/ajv-6.10.2.tgz?cache=0&other_urls=https%3A%2F%2Fregistry.npm.taobao.org%2Fajv%2Fdownload%2Fajv-6.10.2.tgz#d3cea04d6b017b2894ad69040fec8b623eb4bd52"
  integrity sha1-086gTWsBeyiUrWkED+yLYj60vVI=
  dependencies:
    fast-deep-equal "^2.0.1"
    fast-json-stable-stringify "^2.0.0"
    json-schema-traverse "^0.4.1"
    uri-js "^4.2.2"

array-flatten@1.1.1:
  version "1.1.1"
  resolved "https://registry.npm.taobao.org/array-flatten/download/array-flatten-1.1.1.tgz#9a5f699051b1e7073328f2a008968b64ea2955d2"
  integrity sha1-ml9pkFGx5wczKPKgCJaLZOopVdI=

asn1@~0.2.3:
  version "0.2.4"
  resolved "https://registry.npm.taobao.org/asn1/download/asn1-0.2.4.tgz#8d2475dfab553bb33e77b54e59e880bb8ce23136"
  integrity sha1-jSR136tVO7M+d7VOWeiAu4ziMTY=
  dependencies:
    safer-buffer "~2.1.0"

assert-plus@1.0.0, assert-plus@^1.0.0:
  version "1.0.0"
  resolved "https://registry.npm.taobao.org/assert-plus/download/assert-plus-1.0.0.tgz#f12e0f3c5d77b0b1cdd9146942e4e96c1e4dd525"
  integrity sha1-8S4PPF13sLHN2RRpQuTpbB5N1SU=

asynckit@^0.4.0:
  version "0.4.0"
  resolved "https://registry.npm.taobao.org/asynckit/download/asynckit-0.4.0.tgz#c79ed97f7f34cb8f2ba1bc9790bcc366474b4b79"
  integrity sha1-x57Zf380y48robyXkLzDZkdLS3k=

aws-sign2@~0.7.0:
  version "0.7.0"
  resolved "https://registry.npm.taobao.org/aws-sign2/download/aws-sign2-0.7.0.tgz#b46e890934a9591f2d2f6f86d7e6a9f1b3fe76a8"
  integrity sha1-tG6JCTSpWR8tL2+G1+ap8bP+dqg=

aws4@^1.8.0:
  version "1.8.0"
  resolved "https://registry.npm.taobao.org/aws4/download/aws4-1.8.0.tgz#f0e003d9ca9e7f59c7a508945d7b2ef9a04a542f"
  integrity sha1-8OAD2cqef1nHpQiUXXsu+aBKVC8=

axios@^0.18.0:
  version "0.18.1"
  resolved "https://registry.npm.taobao.org/axios/download/axios-0.18.1.tgz#ff3f0de2e7b5d180e757ad98000f1081b87bcea3"
  integrity sha1-/z8N4ue10YDnV62YAA8Qgbh7zqM=
  dependencies:
    follow-redirects "1.5.10"
    is-buffer "^2.0.2"

bcrypt-pbkdf@^1.0.0:
  version "1.0.2"
  resolved "https://registry.npm.taobao.org/bcrypt-pbkdf/download/bcrypt-pbkdf-1.0.2.tgz#a4301d389b6a43f9b67ff3ca11a3f6637e360e9e"
  integrity sha1-pDAdOJtqQ/m2f/PKEaP2Y342Dp4=
  dependencies:
    tweetnacl "^0.14.3"

bluebird@^3.5.0, bluebird@^3.7.1:
  version "3.7.1"
  resolved "https://registry.npm.taobao.org/bluebird/download/bluebird-3.7.1.tgz#df70e302b471d7473489acf26a93d63b53f874de"
  integrity sha1-33DjArRx10c0iazyapPWO1P4dN4=

body-parser@1.19.0, body-parser@^1.19.0:
  version "1.19.0"
  resolved "https://registry.npm.taobao.org/body-parser/download/body-parser-1.19.0.tgz?cache=0&other_urls=https%3A%2F%2Fregistry.npm.taobao.org%2Fbody-parser%2Fdownload%2Fbody-parser-1.19.0.tgz#96b2709e57c9c4e09a6fd66a8fd979844f69f08a"
  integrity sha1-lrJwnlfJxOCab9Zqj9l5hE9p8Io=
  dependencies:
    bytes "3.1.0"
    content-type "~1.0.4"
    debug "2.6.9"
    depd "~1.1.2"
    http-errors "1.7.2"
    iconv-lite "0.4.24"
    on-finished "~2.3.0"
    qs "6.7.0"
    raw-body "2.4.0"
    type-is "~1.6.17"

bytes@3.1.0:
  version "3.1.0"
  resolved "https://registry.npm.taobao.org/bytes/download/bytes-3.1.0.tgz#f6cf7933a360e0588fa9fde85651cdc7f805d1f6"
  integrity sha1-9s95M6Ng4FiPqf3oVlHNx/gF0fY=

caseless@~0.12.0:
  version "0.12.0"
  resolved "https://registry.npm.taobao.org/caseless/download/caseless-0.12.0.tgz#1b681c21ff84033c826543090689420d187151dc"
  integrity sha1-G2gcIf+EAzyCZUMJBolCDRhxUdw=

cluster-key-slot@^1.1.0:
  version "1.1.0"
  resolved "https://registry.npm.taobao.org/cluster-key-slot/download/cluster-key-slot-1.1.0.tgz#30474b2a981fb12172695833052bc0d01336d10d"
  integrity sha1-MEdLKpgfsSFyaVgzBSvA0BM20Q0=

combined-stream@^1.0.6, combined-stream@~1.0.6:
  version "1.0.8"
  resolved "https://registry.npm.taobao.org/combined-stream/download/combined-stream-1.0.8.tgz#c3d45a8b34fd730631a110a8a2520682b31d5a7f"
  integrity sha1-w9RaizT9cwYxoRCoolIGgrMdWn8=
  dependencies:
    delayed-stream "~1.0.0"

content-disposition@0.5.3:
  version "0.5.3"
  resolved "https://registry.npm.taobao.org/content-disposition/download/content-disposition-0.5.3.tgz#e130caf7e7279087c5616c2007d0485698984fbd"
  integrity sha1-4TDK9+cnkIfFYWwgB9BIVpiYT70=
  dependencies:
    safe-buffer "5.1.2"

content-type@~1.0.4:
  version "1.0.4"
  resolved "https://registry.npm.taobao.org/content-type/download/content-type-1.0.4.tgz#e138cc75e040c727b1966fe5e5f8c9aee256fe3b"
  integrity sha1-4TjMdeBAxyexlm/l5fjJruJW/js=

cookie-signature@1.0.6:
  version "1.0.6"
  resolved "https://registry.npm.taobao.org/cookie-signature/download/cookie-signature-1.0.6.tgz#e303a882b342cc3ee8ca513a79999734dab3ae2c"
  integrity sha1-4wOogrNCzD7oylE6eZmXNNqzriw=

cookie@0.4.0:
  version "0.4.0"
  resolved "https://registry.npm.taobao.org/cookie/download/cookie-0.4.0.tgz#beb437e7022b3b6d49019d088665303ebe9c14ba"
  integrity sha1-vrQ35wIrO21JAZ0IhmUwPr6cFLo=

core-util-is@1.0.2:
  version "1.0.2"
  resolved "https://registry.npm.taobao.org/core-util-is/download/core-util-is-1.0.2.tgz#b5fd54220aa2bc5ab57aab7140c940754503c1a7"
  integrity sha1-tf1UIgqivFq1eqtxQMlAdUUDwac=

dashdash@^1.12.0:
  version "1.14.1"
  resolved "https://registry.npm.taobao.org/dashdash/download/dashdash-1.14.1.tgz#853cfa0f7cbe2fed5de20326b8dd581035f6e2f0"
  integrity sha1-hTz6D3y+L+1d4gMmuN1YEDX24vA=
  dependencies:
    assert-plus "^1.0.0"

debug@2.6.9:
  version "2.6.9"
  resolved "https://registry.npm.taobao.org/debug/download/debug-2.6.9.tgz#5d128515df134ff327e90a4c93f4e077a536341f"
  integrity sha1-XRKFFd8TT/Mn6QpMk/Tgd6U2NB8=
  dependencies:
    ms "2.0.0"

debug@=3.1.0:
  version "3.1.0"
  resolved "https://registry.npm.taobao.org/debug/download/debug-3.1.0.tgz#5bb5a0672628b64149566ba16819e61518c67261"
  integrity sha1-W7WgZyYotkFJVmuhaBnmFRjGcmE=
  dependencies:
    ms "2.0.0"

debug@^3.1.0:
  version "3.2.6"
  resolved "https://registry.npm.taobao.org/debug/download/debug-3.2.6.tgz#e83d17de16d8a7efb7717edbe5fb10135eee629b"
  integrity sha1-6D0X3hbYp++3cX7b5fsQE17uYps=
  dependencies:
    ms "^2.1.1"

debug@^4.1.1:
  version "4.1.1"
  resolved "https://registry.npm.taobao.org/debug/download/debug-4.1.1.tgz#3b72260255109c6b589cee050f1d516139664791"
  integrity sha1-O3ImAlUQnGtYnO4FDx1RYTlmR5E=
  dependencies:
    ms "^2.1.1"

delayed-stream@~1.0.0:
  version "1.0.0"
  resolved "https://registry.npm.taobao.org/delayed-stream/download/delayed-stream-1.0.0.tgz#df3ae199acadfb7d440aaae0b29e2272b24ec619"
  integrity sha1-3zrhmayt+31ECqrgsp4icrJOxhk=

denque@^1.1.0:
  version "1.4.1"
  resolved "https://registry.npm.taobao.org/denque/download/denque-1.4.1.tgz#6744ff7641c148c3f8a69c307e51235c1f4a37cf"
  integrity sha1-Z0T/dkHBSMP4ppwwflEjXB9KN88=

depd@~1.1.2:
  version "1.1.2"
  resolved "https://registry.npm.taobao.org/depd/download/depd-1.1.2.tgz#9bcd52e14c097763e749b274c4346ed2e560b5a9"
  integrity sha1-m81S4UwJd2PnSbJ0xDRu0uVgtak=

destroy@~1.0.4:
  version "1.0.4"
  resolved "https://registry.npm.taobao.org/destroy/download/destroy-1.0.4.tgz#978857442c44749e4206613e37946205826abd80"
  integrity sha1-l4hXRCxEdJ5CBmE+N5RiBYJqvYA=

ecc-jsbn@~0.1.1:
  version "0.1.2"
  resolved "https://registry.npm.taobao.org/ecc-jsbn/download/ecc-jsbn-0.1.2.tgz#3a83a904e54353287874c564b7549386849a98c9"
  integrity sha1-OoOpBOVDUyh4dMVkt1SThoSamMk=
  dependencies:
    jsbn "~0.1.0"
    safer-buffer "^2.1.0"

ee-first@1.1.1:
  version "1.1.1"
  resolved "https://registry.npm.taobao.org/ee-first/download/ee-first-1.1.1.tgz#590c61156b0ae2f4f0255732a158b266bc56b21d"
  integrity sha1-WQxhFWsK4vTwJVcyoViyZrxWsh0=

encodeurl@~1.0.2:
  version "1.0.2"
  resolved "https://registry.npm.taobao.org/encodeurl/download/encodeurl-1.0.2.tgz#ad3ff4c86ec2d029322f5a02c3a9a606c95b3f59"
  integrity sha1-rT/0yG7C0CkyL1oCw6mmBslbP1k=

escape-html@~1.0.3:
  version "1.0.3"
  resolved "https://registry.npm.taobao.org/escape-html/download/escape-html-1.0.3.tgz#0258eae4d3d0c0974de1c169188ef0051d1d1988"
  integrity sha1-Aljq5NPQwJdN4cFpGI7wBR0dGYg=

etag@~1.8.1:
  version "1.8.1"
  resolved "https://registry.npm.taobao.org/etag/download/etag-1.8.1.tgz#41ae2eeb65efa62268aebfea83ac7d79299b0887"
  integrity sha1-Qa4u62XvpiJorr/qg6x9eSmbCIc=

eventemitter3@^3.1.0:
  version "3.1.2"
  resolved "https://registry.npm.taobao.org/eventemitter3/download/eventemitter3-3.1.2.tgz#2d3d48f9c346698fce83a85d7d664e98535df6e7"
  integrity sha1-LT1I+cNGaY/Og6hdfWZOmFNd9uc=

express@^4.17.1:
  version "4.17.1"
  resolved "https://registry.npm.taobao.org/express/download/express-4.17.1.tgz#4491fc38605cf51f8629d39c2b5d026f98a4c134"
  integrity sha1-RJH8OGBc9R+GKdOcK10Cb5ikwTQ=
  dependencies:
    accepts "~1.3.7"
    array-flatten "1.1.1"
    body-parser "1.19.0"
    content-disposition "0.5.3"
    content-type "~1.0.4"
    cookie "0.4.0"
    cookie-signature "1.0.6"
    debug "2.6.9"
    depd "~1.1.2"
    encodeurl "~1.0.2"
    escape-html "~1.0.3"
    etag "~1.8.1"
    finalhandler "~1.1.2"
    fresh "0.5.2"
    merge-descriptors "1.0.1"
    methods "~1.1.2"
    on-finished "~2.3.0"
    parseurl "~1.3.3"
    path-to-regexp "0.1.7"
    proxy-addr "~2.0.5"
    qs "6.7.0"
    range-parser "~1.2.1"
    safe-buffer "5.1.2"
    send "0.17.1"
    serve-static "1.14.1"
    setprototypeof "1.1.1"
    statuses "~1.5.0"
    type-is "~1.6.18"
    utils-merge "1.0.1"
    vary "~1.1.2"

extend@~3.0.2:
  version "3.0.2"
  resolved "https://registry.npm.taobao.org/extend/download/extend-3.0.2.tgz#f8b1136b4071fbd8eb140aff858b1019ec2915fa"
  integrity sha1-+LETa0Bx+9jrFAr/hYsQGewpFfo=

extsprintf@1.3.0:
  version "1.3.0"
  resolved "https://registry.npm.taobao.org/extsprintf/download/extsprintf-1.3.0.tgz#96918440e3041a7a414f8c52e3c574eb3c3e1e05"
  integrity sha1-lpGEQOMEGnpBT4xS48V06zw+HgU=

extsprintf@^1.2.0:
  version "1.4.0"
  resolved "https://registry.npm.taobao.org/extsprintf/download/extsprintf-1.4.0.tgz#e2689f8f356fad62cca65a3a91c5df5f9551692f"
  integrity sha1-4mifjzVvrWLMplo6kcXfX5VRaS8=

fast-deep-equal@^2.0.1:
  version "2.0.1"
  resolved "https://registry.npm.taobao.org/fast-deep-equal/download/fast-deep-equal-2.0.1.tgz?cache=0&other_urls=https%3A%2F%2Fregistry.npm.taobao.org%2Ffast-deep-equal%2Fdownload%2Ffast-deep-equal-2.0.1.tgz#7b05218ddf9667bf7f370bf7fdb2cb15fdd0aa49"
  integrity sha1-ewUhjd+WZ79/Nwv3/bLLFf3Qqkk=

fast-json-stable-stringify@^2.0.0:
  version "2.0.0"
  resolved "https://registry.npm.taobao.org/fast-json-stable-stringify/download/fast-json-stable-stringify-2.0.0.tgz#d5142c0caee6b1189f87d3a76111064f86c8bbf2"
  integrity sha1-1RQsDK7msRifh9OnYREGT4bIu/I=

finalhandler@~1.1.2:
  version "1.1.2"
  resolved "https://registry.npm.taobao.org/finalhandler/download/finalhandler-1.1.2.tgz#b7e7d000ffd11938d0fdb053506f6ebabe9f587d"
  integrity sha1-t+fQAP/RGTjQ/bBTUG9uur6fWH0=
  dependencies:
    debug "2.6.9"
    encodeurl "~1.0.2"
    escape-html "~1.0.3"
    on-finished "~2.3.0"
    parseurl "~1.3.3"
    statuses "~1.5.0"
    unpipe "~1.0.0"

follow-redirects@1.5.10:
  version "1.5.10"
  resolved "https://registry.npm.taobao.org/follow-redirects/download/follow-redirects-1.5.10.tgz#7b7a9f9aea2fdff36786a94ff643ed07f4ff5e2a"
  integrity sha1-e3qfmuov3/NnhqlP9kPtB/T/Xio=
  dependencies:
    debug "=3.1.0"

forever-agent@~0.6.1:
  version "0.6.1"
  resolved "https://registry.npm.taobao.org/forever-agent/download/forever-agent-0.6.1.tgz#fbc71f0c41adeb37f96c577ad1ed42d8fdacca91"
  integrity sha1-+8cfDEGt6zf5bFd60e1C2P2sypE=

form-data@^2.5.0:
  version "2.5.1"
  resolved "https://registry.npm.taobao.org/form-data/download/form-data-2.5.1.tgz#f2cbec57b5e59e23716e128fe44d4e5dd23895f4"
  integrity sha1-8svsV7XlniNxbhKP5E1OXdI4lfQ=
  dependencies:
    asynckit "^0.4.0"
    combined-stream "^1.0.6"
    mime-types "^2.1.12"

form-data@~2.3.2:
  version "2.3.3"
  resolved "https://registry.npm.taobao.org/form-data/download/form-data-2.3.3.tgz#dcce52c05f644f298c6a7ab936bd724ceffbf3a6"
  integrity sha1-3M5SwF9kTymManq5Nr1yTO/786Y=
  dependencies:
    asynckit "^0.4.0"
    combined-stream "^1.0.6"
    mime-types "^2.1.12"

forwarded@~0.1.2:
  version "0.1.2"
  resolved "https://registry.npm.taobao.org/forwarded/download/forwarded-0.1.2.tgz#98c23dab1175657b8c0573e8ceccd91b0ff18c84"
  integrity sha1-mMI9qxF1ZXuMBXPozszZGw/xjIQ=

fresh@0.5.2:
  version "0.5.2"
  resolved "https://registry.npm.taobao.org/fresh/download/fresh-0.5.2.tgz#3d8cadd90d976569fa835ab1f8e4b23a105605a7"
  integrity sha1-PYyt2Q2XZWn6g1qx+OSyOhBWBac=

getpass@^0.1.1:
  version "0.1.7"
  resolved "https://registry.npm.taobao.org/getpass/download/getpass-0.1.7.tgz#5eff8e3e684d569ae4cb2b1282604e8ba62149fa"
  integrity sha1-Xv+OPmhNVprkyysSgmBOi6YhSfo=
  dependencies:
    assert-plus "^1.0.0"

har-schema@^2.0.0:
  version "2.0.0"
  resolved "https://registry.npm.taobao.org/har-schema/download/har-schema-2.0.0.tgz#a94c2224ebcac04782a0d9035521f24735b7ec92"
  integrity sha1-qUwiJOvKwEeCoNkDVSHyRzW37JI=

har-validator@~5.1.0:
  version "5.1.3"
  resolved "https://registry.npm.taobao.org/har-validator/download/har-validator-5.1.3.tgz#1ef89ebd3e4996557675eed9893110dc350fa080"
  integrity sha1-HvievT5JllV2de7ZiTEQ3DUPoIA=
  dependencies:
    ajv "^6.5.5"
    har-schema "^2.0.0"

http-errors@1.7.2:
  version "1.7.2"
  resolved "https://registry.npm.taobao.org/http-errors/download/http-errors-1.7.2.tgz#4f5029cf13239f31036e5b2e55292bcfbcc85c8f"
  integrity sha1-T1ApzxMjnzEDblsuVSkrz7zIXI8=
  dependencies:
    depd "~1.1.2"
    inherits "2.0.3"
    setprototypeof "1.1.1"
    statuses ">= 1.5.0 < 2"
    toidentifier "1.0.0"

http-errors@1.7.3, http-errors@~1.7.2:
  version "1.7.3"
  resolved "https://registry.npm.taobao.org/http-errors/download/http-errors-1.7.3.tgz#6c619e4f9c60308c38519498c14fbb10aacebb06"
  integrity sha1-bGGeT5xgMIw4UZSYwU+7EKrOuwY=
  dependencies:
    depd "~1.1.2"
    inherits "2.0.4"
    setprototypeof "1.1.1"
    statuses ">= 1.5.0 < 2"
    toidentifier "1.0.0"

http-signature@~1.2.0:
  version "1.2.0"
  resolved "https://registry.npm.taobao.org/http-signature/download/http-signature-1.2.0.tgz#9aecd925114772f3d95b65a60abb8f7c18fbace1"
  integrity sha1-muzZJRFHcvPZW2WmCruPfBj7rOE=
  dependencies:
    assert-plus "^1.0.0"
    jsprim "^1.2.2"
    sshpk "^1.7.0"

iconv-lite@0.4.24:
  version "0.4.24"
  resolved "https://registry.npm.taobao.org/iconv-lite/download/iconv-lite-0.4.24.tgz#2022b4b25fbddc21d2f524974a474aafe733908b"
  integrity sha1-ICK0sl+93CHS9SSXSkdKr+czkIs=
  dependencies:
    safer-buffer ">= 2.1.2 < 3"

inherits@2.0.3:
  version "2.0.3"
  resolved "https://registry.npm.taobao.org/inherits/download/inherits-2.0.3.tgz#633c2c83e3da42a502f52466022480f4208261de"
  integrity sha1-Yzwsg+PaQqUC9SRmAiSA9CCCYd4=

inherits@2.0.4:
  version "2.0.4"
  resolved "https://registry.npm.taobao.org/inherits/download/inherits-2.0.4.tgz#0fa2c64f932917c3433a0ded55363aae37416b7c"
  integrity sha1-D6LGT5MpF8NDOg3tVTY6rjdBa3w=

ioredis@^4.14.1:
  version "4.14.1"
  resolved "https://registry.npm.taobao.org/ioredis/download/ioredis-4.14.1.tgz#b73ded95fcf220f106d33125a92ef6213aa31318"
  integrity sha1-tz3tlfzyIPEG0zElqS72ITqjExg=
  dependencies:
    cluster-key-slot "^1.1.0"
    debug "^4.1.1"
    denque "^1.1.0"
    lodash.defaults "^4.2.0"
    lodash.flatten "^4.4.0"
    redis-commands "1.5.0"
    redis-errors "^1.2.0"
    redis-parser "^3.0.0"
    standard-as-callback "^2.0.1"

ipaddr.js@1.9.0:
  version "1.9.0"
  resolved "https://registry.npm.taobao.org/ipaddr.js/download/ipaddr.js-1.9.0.tgz#37df74e430a0e47550fe54a2defe30d8acd95f65"
  integrity sha1-N9905DCg5HVQ/lSi3v4w2KzZX2U=

is-buffer@^2.0.2:
  version "2.0.4"
  resolved "https://registry.npm.taobao.org/is-buffer/download/is-buffer-2.0.4.tgz#3e572f23c8411a5cfd9557c849e3665e0b290623"
  integrity sha1-PlcvI8hBGlz9lVfISeNmXgspBiM=

is-stream@^1.1.0:
  version "1.1.0"
  resolved "https://registry.npm.taobao.org/is-stream/download/is-stream-1.1.0.tgz#12d4a3dd4e68e0b79ceb8dbc84173ae80d91ca44"
  integrity sha1-EtSj3U5o4Lec6428hBc66A2RykQ=

is-typedarray@~1.0.0:
  version "1.0.0"
  resolved "https://registry.npm.taobao.org/is-typedarray/download/is-typedarray-1.0.0.tgz#e479c80858df0c1b11ddda6940f96011fcda4a9a"
  integrity sha1-5HnICFjfDBsR3dppQPlgEfzaSpo=

isstream@~0.1.2:
  version "0.1.2"
  resolved "https://registry.npm.taobao.org/isstream/download/isstream-0.1.2.tgz#47e63f7af55afa6f92e1500e690eb8b8529c099a"
  integrity sha1-R+Y/evVa+m+S4VAOaQ64uFKcCZo=

jsbn@~0.1.0:
  version "0.1.1"
  resolved "https://registry.npm.taobao.org/jsbn/download/jsbn-0.1.1.tgz#a5e654c2e5a2deb5f201d96cefbca80c0ef2f513"
  integrity sha1-peZUwuWi3rXyAdls77yoDA7y9RM=

json-schema-traverse@^0.4.1:
  version "0.4.1"
  resolved "https://registry.npm.taobao.org/json-schema-traverse/download/json-schema-traverse-0.4.1.tgz#69f6a87d9513ab8bb8fe63bdb0979c448e684660"
  integrity sha1-afaofZUTq4u4/mO9sJecRI5oRmA=

json-schema@0.2.3:
  version "0.2.3"
  resolved "https://registry.npm.taobao.org/json-schema/download/json-schema-0.2.3.tgz#b480c892e59a2f05954ce727bd3f2a4e882f9e13"
  integrity sha1-tIDIkuWaLwWVTOcnvT8qTogvnhM=

json-stringify-safe@~5.0.1:
  version "5.0.1"
  resolved "https://registry.npm.taobao.org/json-stringify-safe/download/json-stringify-safe-5.0.1.tgz#1296a2d58fd45f19a0f6ce01d65701e2c735b6eb"
  integrity sha1-Epai1Y/UXxmg9s4B1lcB4sc1tus=

jsprim@^1.2.2:
  version "1.4.1"
  resolved "https://registry.npm.taobao.org/jsprim/download/jsprim-1.4.1.tgz#313e66bc1e5cc06e438bc1b7499c2e5c56acb6a2"
  integrity sha1-MT5mvB5cwG5Di8G3SZwuXFastqI=
  dependencies:
    assert-plus "1.0.0"
    extsprintf "1.3.0"
    json-schema "0.2.3"
    verror "1.10.0"

lodash.defaults@^4.2.0:
  version "4.2.0"
  resolved "https://registry.npm.taobao.org/lodash.defaults/download/lodash.defaults-4.2.0.tgz#d09178716ffea4dde9e5fb7b37f6f0802274580c"
  integrity sha1-0JF4cW/+pN3p5ft7N/bwgCJ0WAw=

lodash.flatten@^4.4.0:
  version "4.4.0"
  resolved "https://registry.npm.taobao.org/lodash.flatten/download/lodash.flatten-4.4.0.tgz#f31c22225a9632d2bbf8e4addbef240aa765a61f"
  integrity sha1-8xwiIlqWMtK7+OSt2+8kCqdlph8=

lodash.isfunction@^3.0.9:
  version "3.0.9"
  resolved "https://registry.npm.taobao.org/lodash.isfunction/download/lodash.isfunction-3.0.9.tgz#06de25df4db327ac931981d1bdb067e5af68d051"
  integrity sha1-Bt4l302zJ6yTGYHRvbBn5a9o0FE=

lodash.isplainobject@^4.0.6:
  version "4.0.6"
  resolved "https://registry.npm.taobao.org/lodash.isplainobject/download/lodash.isplainobject-4.0.6.tgz#7c526a52d89b45c45cc690b88163be0497f550cb"
  integrity sha1-fFJqUtibRcRcxpC4gWO+BJf1UMs=

lodash.isregexp@^4.0.1:
  version "4.0.1"
  resolved "https://registry.npm.taobao.org/lodash.isregexp/download/lodash.isregexp-4.0.1.tgz#e13e647b30cd559752a04cd912086faf7da1c30b"
  integrity sha1-4T5kezDNVZdSoEzZEghvr32hwws=

lodash.isstring@^4.0.1:
  version "4.0.1"
  resolved "https://registry.npm.taobao.org/lodash.isstring/download/lodash.isstring-4.0.1.tgz#d527dfb5456eca7cc9bb95d5daeaf88ba54a5451"
  integrity sha1-1SfftUVuynzJu5XV2ur4i6VKVFE=

lodash@^4.17.11:
  version "4.17.15"
  resolved "https://registry.npm.taobao.org/lodash/download/lodash-4.17.15.tgz#b447f6670a0455bbfeedd11392eff330ea097548"
  integrity sha1-tEf2ZwoEVbv+7dETku/zMOoJdUg=

media-typer@0.3.0:
  version "0.3.0"
  resolved "https://registry.npm.taobao.org/media-typer/download/media-typer-0.3.0.tgz#8710d7af0aa626f8fffa1ce00168545263255748"
  integrity sha1-hxDXrwqmJvj/+hzgAWhUUmMlV0g=

merge-descriptors@1.0.1:
  version "1.0.1"
  resolved "https://registry.npm.taobao.org/merge-descriptors/download/merge-descriptors-1.0.1.tgz#b00aaa556dd8b44568150ec9d1b953f3f90cbb61"
  integrity sha1-sAqqVW3YtEVoFQ7J0blT8/kMu2E=

methods@~1.1.2:
  version "1.1.2"
  resolved "https://registry.npm.taobao.org/methods/download/methods-1.1.2.tgz#5529a4d67654134edcc5266656835b0f851afcee"
  integrity sha1-VSmk1nZUE07cxSZmVoNbD4Ua/O4=

mime-db@1.40.0:
  version "1.40.0"
  resolved "https://registry.npm.taobao.org/mime-db/download/mime-db-1.40.0.tgz?cache=0&sync_timestamp=1569468742433&other_urls=https%3A%2F%2Fregistry.npm.taobao.org%2Fmime-db%2Fdownload%2Fmime-db-1.40.0.tgz#a65057e998db090f732a68f6c276d387d4126c32"
  integrity sha1-plBX6ZjbCQ9zKmj2wnbTh9QSbDI=

mime-types@^2.1.12, mime-types@~2.1.19, mime-types@~2.1.24:
  version "2.1.24"
  resolved "https://registry.npm.taobao.org/mime-types/download/mime-types-2.1.24.tgz#b6f8d0b3e951efb77dedeca194cff6d16f676f81"
  integrity sha1-tvjQs+lR77d97eyhlM/20W9nb4E=
  dependencies:
    mime-db "1.40.0"

mime@1.6.0:
  version "1.6.0"
  resolved "https://registry.npm.taobao.org/mime/download/mime-1.6.0.tgz#32cd9e5c64553bd58d19a568af452acff04981b1"
  integrity sha1-Ms2eXGRVO9WNGaVor0Uqz/BJgbE=

ms@2.0.0:
  version "2.0.0"
  resolved "https://registry.npm.taobao.org/ms/download/ms-2.0.0.tgz#5608aeadfc00be6c2901df5f9861788de0d597c8"
  integrity sha1-VgiurfwAvmwpAd9fmGF4jeDVl8g=

ms@2.1.1:
  version "2.1.1"
  resolved "https://registry.npm.taobao.org/ms/download/ms-2.1.1.tgz#30a5864eb3ebb0a66f2ebe6d727af06a09d86e0a"
  integrity sha1-MKWGTrPrsKZvLr5tcnrwagnYbgo=

ms@^2.1.1:
  version "2.1.2"
  resolved "https://registry.npm.taobao.org/ms/download/ms-2.1.2.tgz#d09d1f357b443f493382a8eb3ccd183872ae6009"
  integrity sha1-0J0fNXtEP0kzgqjrPM0YOHKuYAk=

negotiator@0.6.2:
  version "0.6.2"
  resolved "https://registry.npm.taobao.org/negotiator/download/negotiator-0.6.2.tgz#feacf7ccf525a77ae9634436a64883ffeca346fb"
  integrity sha1-/qz3zPUlp3rpY0Q2pkiD/+yjRvs=

oauth-sign@~0.9.0:
  version "0.9.0"
  resolved "https://registry.npm.taobao.org/oauth-sign/download/oauth-sign-0.9.0.tgz#47a7b016baa68b5fa0ecf3dee08a85c679ac6455"
  integrity sha1-R6ewFrqmi1+g7PPe4IqFxnmsZFU=

on-finished@~2.3.0:
  version "2.3.0"
  resolved "https://registry.npm.taobao.org/on-finished/download/on-finished-2.3.0.tgz#20f1336481b083cd75337992a16971aa2d906947"
  integrity sha1-IPEzZIGwg811M3mSoWlxqi2QaUc=
  dependencies:
    ee-first "1.1.1"

p-queue@^2.4.2:
  version "2.4.2"
  resolved "https://registry.npm.taobao.org/p-queue/download/p-queue-2.4.2.tgz#03609826682b743be9a22dba25051bd46724fc34"
  integrity sha1-A2CYJmgrdDvpoi26JQUb1Gck/DQ=

p-retry@^4.0.0:
  version "4.1.0"
  resolved "https://registry.npm.taobao.org/p-retry/download/p-retry-4.1.0.tgz#9ce7cef2069e84bf590df3b8ec18d740109338d6"
  integrity sha1-nOfO8gaehL9ZDfO47BjXQBCTONY=
  dependencies:
    "@types/retry" "^0.12.0"
    retry "^0.12.0"

parseurl@~1.3.3:
  version "1.3.3"
  resolved "https://registry.npm.taobao.org/parseurl/download/parseurl-1.3.3.tgz#9da19e7bee8d12dff0513ed5b76957793bc2e8d4"
  integrity sha1-naGee+6NEt/wUT7Vt2lXeTvC6NQ=

path-to-regexp@0.1.7:
  version "0.1.7"
  resolved "https://registry.npm.taobao.org/path-to-regexp/download/path-to-regexp-0.1.7.tgz?cache=0&other_urls=https%3A%2F%2Fregistry.npm.taobao.org%2Fpath-to-regexp%2Fdownload%2Fpath-to-regexp-0.1.7.tgz#df604178005f522f15eb4490e7247a1bfaa67f8c"
  integrity sha1-32BBeABfUi8V60SQ5yR6G/qmf4w=

performance-now@^2.1.0:
  version "2.1.0"
  resolved "https://registry.npm.taobao.org/performance-now/download/performance-now-2.1.0.tgz#6309f4e0e5fa913ec1c69307ae364b4b377c9e7b"
  integrity sha1-Ywn04OX6kT7BxpMHrjZLSzd8nns=

proxy-addr@~2.0.5:
  version "2.0.5"
  resolved "https://registry.npm.taobao.org/proxy-addr/download/proxy-addr-2.0.5.tgz#34cbd64a2d81f4b1fd21e76f9f06c8a45299ee34"
  integrity sha1-NMvWSi2B9LH9IedvnwbIpFKZ7jQ=
  dependencies:
    forwarded "~0.1.2"
    ipaddr.js "1.9.0"

psl@^1.1.24, psl@^1.1.28:
  version "1.4.0"
  resolved "https://registry.npm.taobao.org/psl/download/psl-1.4.0.tgz?cache=0&sync_timestamp=1568040694709&other_urls=https%3A%2F%2Fregistry.npm.taobao.org%2Fpsl%2Fdownload%2Fpsl-1.4.0.tgz#5dd26156cdb69fa1fdb8ab1991667d3f80ced7c2"
  integrity sha1-XdJhVs22n6H9uKsZkWZ9P4DO18I=

punycode@^1.4.1:
  version "1.4.1"
  resolved "https://registry.npm.taobao.org/punycode/download/punycode-1.4.1.tgz?cache=0&other_urls=https%3A%2F%2Fregistry.npm.taobao.org%2Fpunycode%2Fdownload%2Fpunycode-1.4.1.tgz#c0d5a63b2718800ad8e1eb0fa5269c84dd41845e"
  integrity sha1-wNWmOycYgArY4esPpSachN1BhF4=

punycode@^2.1.0, punycode@^2.1.1:
  version "2.1.1"
  resolved "https://registry.npm.taobao.org/punycode/download/punycode-2.1.1.tgz?cache=0&other_urls=https%3A%2F%2Fregistry.npm.taobao.org%2Fpunycode%2Fdownload%2Fpunycode-2.1.1.tgz#b58b010ac40c22c5657616c8d2c2c02c7bf479ec"
  integrity sha1-tYsBCsQMIsVldhbI0sLALHv0eew=

qs@6.7.0:
  version "6.7.0"
  resolved "https://registry.npm.taobao.org/qs/download/qs-6.7.0.tgz#41dc1a015e3d581f1621776be31afb2876a9b1bc"
  integrity sha1-QdwaAV49WB8WIXdr4xr7KHapsbw=

qs@~6.5.2:
  version "6.5.2"
  resolved "https://registry.npm.taobao.org/qs/download/qs-6.5.2.tgz#cb3ae806e8740444584ef154ce8ee98d403f3e36"
  integrity sha1-yzroBuh0BERYTvFUzo7pjUA/PjY=

range-parser@~1.2.1:
  version "1.2.1"
  resolved "https://registry.npm.taobao.org/range-parser/download/range-parser-1.2.1.tgz#3cf37023d199e1c24d1a55b84800c2f3e6468031"
  integrity sha1-PPNwI9GZ4cJNGlW4SADC8+ZGgDE=

raw-body@2.4.0:
  version "2.4.0"
  resolved "https://registry.npm.taobao.org/raw-body/download/raw-body-2.4.0.tgz#a1ce6fb9c9bc356ca52e89256ab59059e13d0332"
  integrity sha1-oc5vucm8NWylLoklarWQWeE9AzI=
  dependencies:
    bytes "3.1.0"
    http-errors "1.7.2"
    iconv-lite "0.4.24"
    unpipe "1.0.0"

raw-body@^2.3.3:
  version "2.4.1"
  resolved "https://registry.npm.taobao.org/raw-body/download/raw-body-2.4.1.tgz#30ac82f98bb5ae8c152e67149dac8d55153b168c"
  integrity sha1-MKyC+Yu1rowVLmcUnayNVRU7Fow=
  dependencies:
    bytes "3.1.0"
    http-errors "1.7.3"
    iconv-lite "0.4.24"
    unpipe "1.0.0"

redis-commands@1.5.0:
  version "1.5.0"
  resolved "https://registry.npm.taobao.org/redis-commands/download/redis-commands-1.5.0.tgz#80d2e20698fe688f227127ff9e5164a7dd17e785"
  integrity sha1-gNLiBpj+aI8icSf/nlFkp90X54U=

redis-errors@^1.0.0, redis-errors@^1.2.0:
  version "1.2.0"
  resolved "https://registry.npm.taobao.org/redis-errors/download/redis-errors-1.2.0.tgz#eb62d2adb15e4eaf4610c04afe1529384250abad"
  integrity sha1-62LSrbFeTq9GEMBK/hUpOEJQq60=

redis-parser@^3.0.0:
  version "3.0.0"
  resolved "https://registry.npm.taobao.org/redis-parser/download/redis-parser-3.0.0.tgz#b66d828cdcafe6b4b8a428a7def4c6bcac31c8b4"
  integrity sha1-tm2CjNyv5rS4pCin3vTGvKwxyLQ=
  dependencies:
    redis-errors "^1.0.0"

request-promise-core@1.1.2:
  version "1.1.2"
  resolved "https://registry.npm.taobao.org/request-promise-core/download/request-promise-core-1.1.2.tgz#339f6aababcafdb31c799ff158700336301d3346"
  integrity sha1-M59qq6vK/bMceZ/xWHADNjAdM0Y=
  dependencies:
    lodash "^4.17.11"

request-promise@^4.2.4:
  version "4.2.4"
  resolved "https://registry.npm.taobao.org/request-promise/download/request-promise-4.2.4.tgz#1c5ed0d71441e38ad58c7ce4ea4ea5b06d54b310"
  integrity sha1-HF7Q1xRB44rVjHzk6k6lsG1UsxA=
  dependencies:
    bluebird "^3.5.0"
    request-promise-core "1.1.2"
    stealthy-require "^1.1.1"
    tough-cookie "^2.3.3"

request@^2.88.0:
  version "2.88.0"
  resolved "https://registry.npm.taobao.org/request/download/request-2.88.0.tgz#9c2fca4f7d35b592efe57c7f0a55e81052124fef"
  integrity sha1-nC/KT301tZLv5Xx/ClXoEFIST+8=
  dependencies:
    aws-sign2 "~0.7.0"
    aws4 "^1.8.0"
    caseless "~0.12.0"
    combined-stream "~1.0.6"
    extend "~3.0.2"
    forever-agent "~0.6.1"
    form-data "~2.3.2"
    har-validator "~5.1.0"
    http-signature "~1.2.0"
    is-typedarray "~1.0.0"
    isstream "~0.1.2"
    json-stringify-safe "~5.0.1"
    mime-types "~2.1.19"
    oauth-sign "~0.9.0"
    performance-now "^2.1.0"
    qs "~6.5.2"
    safe-buffer "^5.1.2"
    tough-cookie "~2.4.3"
    tunnel-agent "^0.6.0"
    uuid "^3.3.2"

retry@^0.12.0:
  version "0.12.0"
  resolved "https://registry.npm.taobao.org/retry/download/retry-0.12.0.tgz#1b42a6266a21f07421d1b0b54b7dc167b01c013b"
  integrity sha1-G0KmJmoh8HQh0bC1S33BZ7AcATs=

safe-buffer@5.1.2:
  version "5.1.2"
  resolved "https://registry.npm.taobao.org/safe-buffer/download/safe-buffer-5.1.2.tgz#991ec69d296e0313747d59bdfd2b745c35f8828d"
  integrity sha1-mR7GnSluAxN0fVm9/St0XDX4go0=

safe-buffer@^5.0.1, safe-buffer@^5.1.2:
  version "5.2.0"
  resolved "https://registry.npm.taobao.org/safe-buffer/download/safe-buffer-5.2.0.tgz#b74daec49b1148f88c64b68d49b1e815c1f2f519"
  integrity sha1-t02uxJsRSPiMZLaNSbHoFcHy9Rk=

"safer-buffer@>= 2.1.2 < 3", safer-buffer@^2.0.2, safer-buffer@^2.1.0, safer-buffer@~2.1.0:
  version "2.1.2"
  resolved "https://registry.npm.taobao.org/safer-buffer/download/safer-buffer-2.1.2.tgz#44fa161b0187b9549dd84bb91802f9bd8385cd6a"
  integrity sha1-RPoWGwGHuVSd2Eu5GAL5vYOFzWo=

send@0.17.1:
  version "0.17.1"
  resolved "https://registry.npm.taobao.org/send/download/send-0.17.1.tgz#c1d8b059f7900f7466dd4938bdc44e11ddb376c8"
  integrity sha1-wdiwWfeQD3Rm3Uk4vcROEd2zdsg=
  dependencies:
    debug "2.6.9"
    depd "~1.1.2"
    destroy "~1.0.4"
    encodeurl "~1.0.2"
    escape-html "~1.0.3"
    etag "~1.8.1"
    fresh "0.5.2"
    http-errors "~1.7.2"
    mime "1.6.0"
    ms "2.1.1"
    on-finished "~2.3.0"
    range-parser "~1.2.1"
    statuses "~1.5.0"

serve-static@1.14.1:
  version "1.14.1"
  resolved "https://registry.npm.taobao.org/serve-static/download/serve-static-1.14.1.tgz#666e636dc4f010f7ef29970a88a674320898b2f9"
  integrity sha1-Zm5jbcTwEPfvKZcKiKZ0MgiYsvk=
  dependencies:
    encodeurl "~1.0.2"
    escape-html "~1.0.3"
    parseurl "~1.3.3"
    send "0.17.1"

setprototypeof@1.1.1:
  version "1.1.1"
  resolved "https://registry.npm.taobao.org/setprototypeof/download/setprototypeof-1.1.1.tgz#7e95acb24aa92f5885e0abef5ba131330d4ae683"
  integrity sha1-fpWsskqpL1iF4KvvW6ExMw1K5oM=

sshpk@^1.7.0:
  version "1.16.1"
  resolved "https://registry.npm.taobao.org/sshpk/download/sshpk-1.16.1.tgz#fb661c0bef29b39db40769ee39fa70093d6f6877"
  integrity sha1-+2YcC+8ps520B2nuOfpwCT1vaHc=
  dependencies:
    asn1 "~0.2.3"
    assert-plus "^1.0.0"
    bcrypt-pbkdf "^1.0.0"
    dashdash "^1.12.0"
    ecc-jsbn "~0.1.1"
    getpass "^0.1.1"
    jsbn "~0.1.0"
    safer-buffer "^2.0.2"
    tweetnacl "~0.14.0"

standard-as-callback@^2.0.1:
  version "2.0.1"
  resolved "https://registry.npm.taobao.org/standard-as-callback/download/standard-as-callback-2.0.1.tgz#ed8bb25648e15831759b6023bdb87e6b60b38126"
  integrity sha1-7YuyVkjhWDF1m2Ajvbh+a2CzgSY=

"statuses@>= 1.5.0 < 2", statuses@~1.5.0:
  version "1.5.0"
  resolved "https://registry.npm.taobao.org/statuses/download/statuses-1.5.0.tgz#161c7dac177659fd9811f43771fa99381478628c"
  integrity sha1-Fhx9rBd2Wf2YEfQ3cfqZOBR4Yow=

stealthy-require@^1.1.1:
  version "1.1.1"
  resolved "https://registry.npm.taobao.org/stealthy-require/download/stealthy-require-1.1.1.tgz#35b09875b4ff49f26a777e509b3090a3226bf24b"
  integrity sha1-NbCYdbT/SfJqd35QmzCQoyJr8ks=

toidentifier@1.0.0:
  version "1.0.0"
  resolved "https://registry.npm.taobao.org/toidentifier/download/toidentifier-1.0.0.tgz#7e1be3470f1e77948bc43d94a3c8f4d7752ba553"
  integrity sha1-fhvjRw8ed5SLxD2Uo8j013UrpVM=

tough-cookie@^2.3.3:
  version "2.5.0"
  resolved "https://registry.npm.taobao.org/tough-cookie/download/tough-cookie-2.5.0.tgz#cd9fb2a0aa1d5a12b473bd9fb96fa3dcff65ade2"
  integrity sha1-zZ+yoKodWhK0c72fuW+j3P9lreI=
  dependencies:
    psl "^1.1.28"
    punycode "^2.1.1"

tough-cookie@~2.4.3:
  version "2.4.3"
  resolved "https://registry.npm.taobao.org/tough-cookie/download/tough-cookie-2.4.3.tgz#53f36da3f47783b0925afa06ff9f3b165280f781"
  integrity sha1-U/Nto/R3g7CSWvoG/587FlKA94E=
  dependencies:
    psl "^1.1.24"
    punycode "^1.4.1"

tsscmp@^1.0.6:
  version "1.0.6"
  resolved "https://registry.npm.taobao.org/tsscmp/download/tsscmp-1.0.6.tgz#85b99583ac3589ec4bfef825b5000aa911d605eb"
  integrity sha1-hbmVg6w1iexL/vgltQAKqRHWBes=

tunnel-agent@^0.6.0:
  version "0.6.0"
  resolved "https://registry.npm.taobao.org/tunnel-agent/download/tunnel-agent-0.6.0.tgz#27a5dea06b36b04a0a9966774b290868f0fc40fd"
  integrity sha1-J6XeoGs2sEoKmWZ3SykIaPD8QP0=
  dependencies:
    safe-buffer "^5.0.1"

tweetnacl@^0.14.3, tweetnacl@~0.14.0:
  version "0.14.5"
  resolved "https://registry.npm.taobao.org/tweetnacl/download/tweetnacl-0.14.5.tgz#5ae68177f192d4456269d108afa93ff8743f4f64"
  integrity sha1-WuaBd/GS1EViadEIr6k/+HQ/T2Q=

type-is@~1.6.17, type-is@~1.6.18:
  version "1.6.18"
  resolved "https://registry.npm.taobao.org/type-is/download/type-is-1.6.18.tgz#4e552cd05df09467dcbc4ef739de89f2cf37c131"
  integrity sha1-TlUs0F3wlGfcvE73Od6J8s83wTE=
  dependencies:
    media-typer "0.3.0"
    mime-types "~2.1.24"

unpipe@1.0.0, unpipe@~1.0.0:
  version "1.0.0"
  resolved "https://registry.npm.taobao.org/unpipe/download/unpipe-1.0.0.tgz#b2bf4ee8514aae6165b4817829d21b2ef49904ec"
  integrity sha1-sr9O6FFKrmFltIF4KdIbLvSZBOw=

uri-js@^4.2.2:
  version "4.2.2"
  resolved "https://registry.npm.taobao.org/uri-js/download/uri-js-4.2.2.tgz#94c540e1ff772956e2299507c010aea6c8838eb0"
  integrity sha1-lMVA4f93KVbiKZUHwBCupsiDjrA=
  dependencies:
    punycode "^2.1.0"

utils-merge@1.0.1:
  version "1.0.1"
  resolved "https://registry.npm.taobao.org/utils-merge/download/utils-merge-1.0.1.tgz#9f95710f50a267947b2ccc124741c1028427e713"
  integrity sha1-n5VxD1CiZ5R7LMwSR0HBAoQn5xM=

uuid@^3.3.2:
  version "3.3.3"
  resolved "https://registry.npm.taobao.org/uuid/download/uuid-3.3.3.tgz#4568f0216e78760ee1dbf3a4d2cf53e224112866"
  integrity sha1-RWjwIW54dg7h2/Ok0s9T4iQRKGY=

vary@~1.1.2:
  version "1.1.2"
  resolved "https://registry.npm.taobao.org/vary/download/vary-1.1.2.tgz#2299f02c6ded30d4a5961b0b9f74524a18f634fc"
  integrity sha1-IpnwLG3tMNSllhsLn3RSShj2NPw=

verror@1.10.0:
  version "1.10.0"
  resolved "https://registry.npm.taobao.org/verror/download/verror-1.10.0.tgz#3a105ca17053af55d6e270c1f8288682e18da400"
  integrity sha1-OhBcoXBTr1XW4nDB+CiGguGNpAA=
  dependencies:
    assert-plus "^1.0.0"
    core-util-is "1.0.2"
    extsprintf "^1.2.0"
